{
  "lockfileVersion": 1,
  "workspaces": {
    "": {
      "name": "lezer-latex",
      "dependencies": {
        "@lezer/lr": "^1.0.0",
      },
      "devDependencies": {
        "@lezer/generator": "^1.0.0",
      },
    },
  },
  "packages": {
    "@lezer/common": ["@lezer/common@1.2.3", "", {}, "sha512-w7ojc8ejBqr2REPsWxJjrMFsA/ysDCFICn8zEOR9mrqzOu2amhITYuLD8ag6XZf0CFXDrhKqw7+tW8cX66NaDA=="],

    "@lezer/generator": ["@lezer/generator@1.7.2", "", { "dependencies": { "@lezer/common": "^1.1.0", "@lezer/lr": "^1.3.0" }, "bin": { "lezer-generator": "src/lezer-generator.cjs" } }, "sha512-CwgULPOPPmH54tv4gki18bElLCdJ1+FBC+nGVSVD08vFWDsMjS7KEjNTph9JOypDnet90ujN3LzQiW3CyVODNQ=="],

    "@lezer/lr": ["@lezer/lr@1.4.2", "", { "dependencies": { "@lezer/common": "^1.0.0" } }, "sha512-pu0K1jCIdnQ12aWNaAVU5bzi7Bd1w54J3ECgANPmYLtQKP0HBj2cE/5coBD66MT10xbtIuUr7tg0Shbsvk0mDA=="],
  }
}
